
Microsoft Visual Studio Solution File, Format Version 12.00
# Visual Studio Version 17
VisualStudioVersion = 17.0.31903.59
MinimumVisualStudioVersion = 10.0.40219.1
Project("{FAE04EC0-301F-11D3-BF4B-00C04F79EFBC}") = "SignUpValidation", "SignUpValidation\SignUpValidation.csproj", "{680B8D9E-C291-46A5-B6A4-71527B5B253C}"
EndProject
Global
	GlobalSection(SolutionConfigurationPlatforms) = preSolution
		Debug|Any CPU = Debug|Any CPU
		Release|Any CPU = Release|Any CPU
	EndGlobalSection
	GlobalSection(ProjectConfigurationPlatforms) = postSolution
		{680B8D9E-C291-46A5-B6A4-71527B5B253C}.Debug|Any CPU.ActiveCfg = Debug|Any CPU
		{680B8D9E-C291-46A5-B6A4-71527B5B253C}.Debug|Any CPU.Build.0 = Debug|Any CPU
		{680B8D9E-C291-46A5-B6A4-71527B5B253C}.Release|Any CPU.ActiveCfg = Release|Any CPU
		{680B8D9E-C291-46A5-B6A4-71527B5B253C}.Release|Any CPU.Build.0 = Release|Any CPU
	EndGlobalSection
	GlobalSection(SolutionProperties) = preSolution
		HideSolutionNode = FALSE
	EndGlobalSection
	GlobalSection(ExtensibilityGlobals) = postSolution
		SolutionGuid = {D623402D-E818-4732-8156-53BE10A530BD}
	EndGlobalSection
EndGlobal
